// !$*UTF8*$!
{
	archiveVersion = 1;
	classes = {
	};
	objectVersion = 50;
	objects = {

/* Begin PBXBuildFile section */
		9DB6C7032577FA3500F00223 /* DatabaseTestingApp.swift in Sources */ = {isa = PBXBuildFile; fileRef = 9DB6C7022577FA3500F00223 /* DatabaseTestingApp.swift */; };
		9DB6C7052577FA3500F00223 /* DatabaseTestingDocument.swift in Sources */ = {isa = PBXBuildFile; fileRef = 9DB6C7042577FA3500F00223 /* DatabaseTestingDocument.swift */; };
		9DB6C7072577FA3500F00223 /* ContentView.swift in Sources */ = {isa = PBXBuildFile; fileRef = 9DB6C7062577FA3500F00223 /* ContentView.swift */; };
		9DB6C7092577FA3700F00223 /* Assets.xcassets in Resources */ = {isa = PBXBuildFile; fileRef = 9DB6C7082577FA3700F00223 /* Assets.xcassets */; };
		9DB6C70C2577FA3700F00223 /* Preview Assets.xcassets in Resources */ = {isa = PBXBuildFile; fileRef = 9DB6C70B2577FA3700F00223 /* Preview Assets.xcassets */; };
/* End PBXBuildFile section */

/* Begin PBXFileReference section */
		9DB6C6FF2577FA3500F00223 /* DatabaseTesting.app */ = {isa = PBXFileReference; explicitFileType = wrapper.application; includeInIndex = 0; path = DatabaseTesting.app; sourceTree = BUILT_PRODUCTS_DIR; };
		9DB6C7022577FA3500F00223 /* DatabaseTestingApp.swift */ = {isa = PBXFileReference; lastKnownFileType = sourcecode.swift; path = DatabaseTestingApp.swift; sourceTree = "<group>"; };
		9DB6C7042577FA3500F00223 /* DatabaseTestingDocument.swift */ = {isa = PBXFileReference; lastKnownFileType = sourcecode.swift; path = DatabaseTestingDocument.swift; sourceTree = "<group>"; };
		9DB6C7062577FA3500F00223 /* ContentView.swift */ = {isa = PBXFileReference; lastKnownFileType = sourcecode.swift; path = ContentView.swift; sourceTree = "<group>"; };
		9DB6C7082577FA3700F00223 /* Assets.xcassets */ = {isa = PBXFileReference; lastKnownFileType = folder.assetcatalog; path = Assets.xcassets; sourceTree = "<group>"; };
		9DB6C70B2577FA3700F00223 /* Preview Assets.xcassets */ = {isa = PBXFileReference; lastKnownFileType = folder.assetcatalog; path = "Preview Assets.xcassets"; sourceTree = "<group>"; };
		9DB6C70D2577FA3700F00223 /* Info.plist */ = {isa = PBXFileReference; lastKnownFileType = text.plist.xml; path = Info.plist; sourceTree = "<group>"; };
/* End PBXFileReference section */

/* Begin PBXFrameworksBuildPhase section */
		9DB6C6FC2577FA3500F00223 /* Frameworks */ = {
			isa = PBXFrameworksBuildPhase;
			buildActionMask = 2147483647;
			files = (
			);
			runOnlyForDeploymentPostprocessing = 0;
		};
/* End PBXFrameworksBuildPhase section */

/* Begin PBXGroup section */
		9DB6C6F62577FA3500F00223 = {
			isa = PBXGroup;
			children = (
				9DB6C7012577FA3500F00223 /* DatabaseTesting */,
				9DB6C7002577FA3500F00223 /* Products */,
			);
			sourceTree = "<group>";
		};
		9DB6C7002577FA3500F00223 /* Products */ = {
			isa = PBXGroup;
			children = (
				9DB6C6FF2577FA3500F00223 /* DatabaseTesting.app */,
			);
			name = Products;
			sourceTree = "<group>";
		};
		9DB6C7012577FA3500F00223 /* DatabaseTesting */ = {
			isa = PBXGroup;
			children = (
				9DB6C7022577FA3500F00223 /* DatabaseTestingApp.swift */,
				9DB6C7042577FA3500F00223 /* DatabaseTestingDocument.swift */,
				9DB6C7062577FA3500F00223 /* ContentView.swift */,
				9DB6C7082577FA3700F00223 /* Assets.xcassets */,
				9DB6C70D2577FA3700F00223 /* Info.plist */,
				9DB6C70A2577FA3700F00223 /* Preview Content */,
			);
			path = DatabaseTesting;
			sourceTree = "<group>";
		};
		9DB6C70A2577FA3700F00223 /* Preview Content */ = {
			isa = PBXGroup;
			children = (
				9DB6C70B2577FA3700F00223 /* Preview Assets.xcassets */,
			);
			path = "Preview Content";
			sourceTree = "<group>";
		};
/* End PBXGroup section */

/* Begin PBXNativeTarget section */
		9DB6C6FE2577FA3500F00223 /* DatabaseTesting */ = {
			isa = PBXNativeTarget;
			buildConfigurationList = 9DB6C7102577FA3700F00223 /* Build configuration list for PBXNativeTarget "DatabaseTesting" */;
			buildPhases = (
				9DB6C6FB2577FA3500F00223 /* Sources */,
				9DB6C6FC2577FA3500F00223 /* Frameworks */,
				9DB6C6FD2577FA3500F00223 /* Resources */,
			);
			buildRules = (
			);
			dependencies = (
			);
			name = DatabaseTesting;
			productName = DatabaseTesting;
			productReference = 9DB6C6FF2577FA3500F00223 /* DatabaseTesting.app */;
			productType = "com.apple.product-type.application";
		};
/* End PBXNativeTarget section */

/* Begin PBXProject section */
		9DB6C6F72577FA3500F00223 /* Project object */ = {
			isa = PBXProject;
			attributes = {
				LastSwiftUpdateCheck = 1220;
				LastUpgradeCheck = 1220;
				TargetAttributes = {
					9DB6C6FE2577FA3500F00223 = {
						CreatedOnToolsVersion = 12.2;
					};
				};
			};
			buildConfigurationList = 9DB6C6FA2577FA3500F00223 /* Build configuration list for PBXProject "DatabaseTesting" */;
			compatibilityVersion = "Xcode 9.3";
			developmentRegion = en;
			hasScannedForEncodings = 0;
			knownRegions = (
				en,
				Base,
			);
			mainGroup = 9DB6C6F62577FA3500F00223;
			productRefGroup = 9DB6C7002577FA3500F00223 /* Products */;
			projectDirPath = "";
			projectRoot = "";
			targets = (
				9DB6C6FE2577FA3500F00223 /* DatabaseTesting */,
			);
		};
/* End PBXProject section */

/* Begin PBXResourcesBuildPhase section */
		9DB6C6FD2577FA3500F00223 /* Resources */ = {
			isa = PBXResourcesBuildPhase;
			buildActionMask = 2147483647;
			files = (
				9DB6C70C2577FA3700F00223 /* Preview Assets.xcassets in Resources */,
				9DB6C7092577FA3700F00223 /* Assets.xcassets in Resources */,
			);
			runOnlyForDeploymentPostprocessing = 0;
		};
/* End PBXResourcesBuildPhase section */

/* Begin PBXSourcesBuildPhase section */
		9DB6C6FB2577FA3500F00223 /* Sources */ = {
			isa = PBXSourcesBuildPhase;
			buildActionMask = 2147483647;
			files = (
				9DB6C7052577FA3500F00223 /* DatabaseTestingDocument.swift in Sources */,
				9DB6C7032577FA3500F00223 /* DatabaseTestingApp.swift in Sources */,
				9DB6C7072577FA3500F00223 /* ContentView.swift in Sources */,
			);
			runOnlyForDeploymentPostprocessing = 0;
		};
/* End PBXSourcesBuildPhase section */

/* Begin XCBuildConfiguration section */
		9DB6C70E2577FA3700F00223 /* Debug */ = {
			isa = XCBuildConfiguration;
			buildSettings = {
				ALWAYS_SEARCH_USER_PATHS = NO;
				CLANG_ANALYZER_NONNULL = YES;
				CLANG_ANALYZER_NUMBER_OBJECT_CONVERSION = YES_AGGRESSIVE;
				CLANG_CXX_LANGUAGE_STANDARD = "gnu++14";
				CLANG_CXX_LIBRARY = "libc++";
				CLANG_ENABLE_MODULES = YES;
				CLANG_ENABLE_OBJC_ARC = YES;
				CLANG_ENABLE_OBJC_WEAK = YES;
				CLANG_WARN_BLOCK_CAPTURE_AUTORELEASING = YES;
				CLANG_WARN_BOOL_CONVERSION = YES;
				CLANG_WARN_COMMA = YES;
				CLANG_WARN_CONSTANT_CONVERSION = YES;
				CLANG_WARN_DEPRECATED_OBJC_IMPLEMENTATIONS = YES;
				CLANG_WARN_DIRECT_OBJC_ISA_USAGE = YES_ERROR;
				CLANG_WARN_DOCUMENTATION_COMMENTS = YES;
				CLANG_WARN_EMPTY_BODY = YES;
				CLANG_WARN_ENUM_CONVERSION = YES;
				CLANG_WARN_INFINITE_RECURSION = YES;
				CLANG_WARN_INT_CONVERSION = YES;
				CLANG_WARN_NON_LITERAL_NULL_CONVERSION = YES;
				CLANG_WARN_OBJC_IMPLICIT_RETAIN_SELF = YES;
				CLANG_WARN_OBJC_LITERAL_CONVERSION = YES;
				CLANG_WARN_OBJC_ROOT_CLASS = YES_ERROR;
				CLANG_WARN_QUOTED_INCLUDE_IN_FRAMEWORK_HEADER = YES;
				CLANG_WARN_RANGE_LOOP_ANALYSIS = YES;
				CLANG_WARN_STRICT_PROTOTYPES = YES;
				CLANG_WARN_SUSPICIOUS_MOVE = YES;
				CLANG_WARN_UNGUARDED_AVAILABILITY = YES_AGGRESSIVE;
				CLANG_WARN_UNREACHABLE_CODE = YES;
				CLANG_WARN__DUPLICATE_METHOD_MATCH = YES;
				COPY_PHASE_STRIP = NO;
				DEBUG_INFORMATION_FORMAT = dwarf;
				ENABLE_STRICT_OBJC_MSGSEND = YES;
				ENABLE_TESTABILITY = YES;
				GCC_C_LANGUAGE_STANDARD = gnu11;
				GCC_DYNAMIC_NO_PIC = NO;
				GCC_NO_COMMON_BLOCKS = YES;
				GCC_OPTIMIZATION_LEVEL = 0;
				GCC_PREPROCESSOR_DEFINITIONS = (
					"DEBUG=1",
					"$(inherited)",
				);
				GCC_WARN_64_TO_32_BIT_CONVERSION = YES;
				GCC_WARN_ABOUT_RETURN_TYPE = YES_ERROR;
				GCC_WARN_UNDECLARED_SELECTOR = YES;
				GCC_WARN_UNINITIALIZED_AUTOS = YES_AGGRESSIVE;
				GCC_WARN_UNUSED_FUNCTION = YES;
				GCC_WARN_UNUSED_VARIABLE = YES;
				IPHONEOS_DEPLOYMENT_TARGET = 14.2;
				MTL_ENABLE_DEBUG_INFO = INCLUDE_SOURCE;
				MTL_FAST_MATH = YES;
				ONLY_ACTIVE_ARCH = YES;
				SDKROOT = iphoneos;
				SWIFT_ACTIVE_COMPILATION_CONDITIONS = DEBUG;
				SWIFT_OPTIMIZATION_LEVEL = "-Onone";
			};
			name = Debug;
		};
		9DB6C70F2577FA3700F00223 /* Release */ = {
			isa = XCBuildConfiguration;
			buildSettings = {
				ALWAYS_SEARCH_USER_PATHS = NO;
				CLANG_ANALYZER_NONNULL = YES;
				CLANG_ANALYZER_NUMBER_OBJECT_CONVERSION = YES_AGGRESSIVE;
				CLANG_CXX_LANGUAGE_STANDARD = "gnu++14";
				CLANG_CXX_LIBRARY = "libc++";
				CLANG_ENABLE_MODULES = YES;
				CLANG_ENABLE_OBJC_ARC = YES;
				CLANG_ENABLE_OBJC_WEAK = YES;
				CLANG_WARN_BLOCK_CAPTURE_AUTORELEASING = YES;
				CLANG_WARN_BOOL_CONVERSION = YES;
				CLANG_WARN_COMMA = YES;
				CLANG_WARN_CONSTANT_CONVERSION = YES;
				CLANG_WARN_DEPRECATED_OBJC_IMPLEMENTATIONS = YES;
				CLANG_WARN_DIRECT_OBJC_ISA_USAGE = YES_ERROR;
				CLANG_WARN_DOCUMENTATION_COMMENTS = YES;
				CLANG_WARN_EMPTY_BODY = YES;
				CLANG_WARN_ENUM_CONVERSION = YES;
				CLANG_WARN_INFINITE_RECURSION = YES;
				CLANG_WARN_INT_CONVERSION = YES;
				CLANG_WARN_NON_LITERAL_NULL_CONVERSION = YES;
				CLANG_WARN_OBJC_IMPLICIT_RETAIN_SELF = YES;
				CLANG_WARN_OBJC_LITERAL_CONVERSION = YES;
				CLANG_WARN_OBJC_ROOT_CLASS = YES_ERROR;
				CLANG_WARN_QUOTED_INCLUDE_IN_FRAMEWORK_HEADER = YES;
				CLANG_WARN_RANGE_LOOP_ANALYSIS = YES;
				CLANG_WARN_STRICT_PROTOTYPES = YES;
				CLANG_WARN_SUSPICIOUS_MOVE = YES;
				CLANG_WARN_UNGUARDED_AVAILABILITY = YES_AGGRESSIVE;
				CLANG_WARN_UNREACHABLE_CODE = YES;
				CLANG_WARN__DUPLICATE_METHOD_MATCH = YES;
				COPY_PHASE_STRIP = NO;
				DEBUG_INFORMATION_FORMAT = "dwarf-with-dsym";
				ENABLE_NS_ASSERTIONS = NO;
				ENABLE_STRICT_OBJC_MSGSEND = YES;
				GCC_C_LANGUAGE_STANDARD = gnu11;
				GCC_NO_COMMON_BLOCKS = YES;
				GCC_WARN_64_TO_32_BIT_CONVERSION = YES;
				GCC_WARN_ABOUT_RETURN_TYPE = YES_ERROR;
				GCC_WARN_UNDECLARED_SELECTOR = YES;
				GCC_WARN_UNINITIALIZED_AUTOS = YES_AGGRESSIVE;
				GCC_WARN_UNUSED_FUNCTION = YES;
				GCC_WARN_UNUSED_VARIABLE = YES;
				IPHONEOS_DEPLOYMENT_TARGET = 14.2;
				MTL_ENABLE_DEBUG_INFO = NO;
				MTL_FAST_MATH = YES;
				SDKROOT = iphoneos;
				SWIFT_COMPILATION_MODE = wholemodule;
				SWIFT_OPTIMIZATION_LEVEL = "-O";
				VALIDATE_PRODUCT = YES;
			};
			name = Release;
		};
		9DB6C7112577FA3700F00223 /* Debug */ = {
			isa = XCBuildConfiguration;
			buildSettings = {
				ASSETCATALOG_COMPILER_APPICON_NAME = AppIcon;
				ASSETCATALOG_COMPILER_GLOBAL_ACCENT_COLOR_NAME = AccentColor;
				CODE_SIGN_STYLE = Automatic;
				DEVELOPMENT_ASSET_PATHS = "\"DatabaseTesting/Preview Content\"";
				DEVELOPMENT_TEAM = 883DK65VTV;
				ENABLE_PREVIEWS = YES;
				INFOPLIST_FILE = DatabaseTesting/Info.plist;
				IPHONEOS_DEPLOYMENT_TARGET = 14.0;
				LD_RUNPATH_SEARCH_PATHS = (
					"$(inherited)",
					"@executable_path/Frameworks",
				);
				PRODUCT_BUNDLE_IDENTIFIER = edu.DatabaseTesting;
				PRODUCT_NAME = "$(TARGET_NAME)";
				SWIFT_VERSION = 5.0;
				TARGETED_DEVICE_FAMILY = "1,2";
			};
			name = Debug;
		};
		9DB6C7122577FA3700F00223 /* Release */ = {
			isa = XCBuildConfiguration;
			buildSettings = {
				ASSETCATALOG_COMPILER_APPICON_NAME = AppIcon;
				ASSETCATALOG_COMPILER_GLOBAL_ACCENT_COLOR_NAME = AccentColor;
				CODE_SIGN_STYLE = Automatic;
				DEVELOPMENT_ASSET_PATHS = "\"DatabaseTesting/Preview Content\"";
				DEVELOPMENT_TEAM = 883DK65VTV;
				ENABLE_PREVIEWS = YES;
				INFOPLIST_FILE = DatabaseTesting/Info.plist;
				IPHONEOS_DEPLOYMENT_TARGET = 14.0;
				LD_RUNPATH_SEARCH_PATHS = (
					"$(inherited)",
					"@executable_path/Frameworks",
				);
				PRODUCT_BUNDLE_IDENTIFIER = edu.DatabaseTesting;
				PRODUCT_NAME = "$(TARGET_NAME)";
				SWIFT_VERSION = 5.0;
				TARGETED_DEVICE_FAMILY = "1,2";
			};
			name = Release;
		};
/* End XCBuildConfiguration section */

/* Begin XCConfigurationList section */
		9DB6C6FA2577FA3500F00223 /* Build configuration list for PBXProject "DatabaseTesting" */ = {
			isa = XCConfigurationList;
			buildConfigurations = (
				9DB6C70E2577FA3700F00223 /* Debug */,
				9DB6C70F2577FA3700F00223 /* Release */,
			);
			defaultConfigurationIsVisible = 0;
			defaultConfigurationName = Release;
		};
		9DB6C7102577FA3700F00223 /* Build configuration list for PBXNativeTarget "DatabaseTesting" */ = {
			isa = XCConfigurationList;
			buildConfigurations = (
				9DB6C7112577FA3700F00223 /* Debug */,
				9DB6C7122577FA3700F00223 /* Release */,
			);
			defaultConfigurationIsVisible = 0;
			defaultConfigurationName = Release;
		};
/* End XCConfigurationList section */
	};
	rootObject = 9DB6C6F72577FA3500F00223 /* Project object */;
}
